
Microsoft Visual Studio Solution File, Format Version 12.00
# Visual Studio 15
VisualStudioVersion = 15.0.26430.15
MinimumVisualStudioVersion = 10.0.40219.1
Project("{FAE04EC0-301F-11D3-BF4B-00C04F79EFBC}") = "EmployeeService2", "EmployeeService2\EmployeeService2.csproj", "{DFA2F650-A390-4196-B746-9864ACC42BEC}"
EndProject
Global
	GlobalSection(SolutionConfigurationPlatforms) = preSolution
		Debug|Any CPU = Debug|Any CPU
		Release|Any CPU = Release|Any CPU
	EndGlobalSection
	GlobalSection(ProjectConfigurationPlatforms) = postSolution
		{DFA2F650-A390-4196-B746-9864ACC42BEC}.Debug|Any CPU.ActiveCfg = Debug|Any CPU
		{DFA2F650-A390-4196-B746-9864ACC42BEC}.Debug|Any CPU.Build.0 = Debug|Any CPU
		{DFA2F650-A390-4196-B746-9864ACC42BEC}.Release|Any CPU.ActiveCfg = Release|Any CPU
		{DFA2F650-A390-4196-B746-9864ACC42BEC}.Release|Any CPU.Build.0 = Release|Any CPU
	EndGlobalSection
	GlobalSection(SolutionProperties) = preSolution
		HideSolutionNode = FALSE
	EndGlobalSection
EndGlobal
